<?xml version="1.0" encoding="utf-8"?>
<Project ToolsVersion="4.0" xmlns="http://schemas.microsoft.com/developer/msbuild/2003">
  <ItemGroup>
    <Filter Include="Source Files">
      <UniqueIdentifier>{4FC737F1-C7A5-4376-A066-2A32D752A2FF}</UniqueIdentifier>
      <Extensions>cpp;c;cc;cxx;c++;cppm;ixx;def;odl;idl;hpj;bat;asm;asmx</Extensions>
    </Filter>
    <Filter Include="Header Files">
      <UniqueIdentifier>{93995380-89BD-4b04-88EB-625FBE52EBFB}</UniqueIdentifier>
      <Extensions>h;hh;hpp;hxx;h++;hm;inl;inc;ipp;xsd</Extensions>
    </Filter>
    <Filter Include="Resource Files">
      <UniqueIdentifier>{67DA6AB6-F800-4c08-8B7A-83BB121AAD01}</UniqueIdentifier>
      <Extensions>rc;ico;cur;bmp;dlg;rc2;rct;bin;rgs;gif;jpg;jpeg;jpe;resx;tiff;tif;png;wav;mfcribbon-ms</Extensions>
    </Filter>
  </ItemGroup>
  <ItemGroup>
    <ClCompile Include="src\CgfDump\CgfDump.cpp">
      <Filter>Source Files</Filter>
    </ClCompile>
    <ClCompile Include="src\CgfDump\CgfUtils.cpp">
      <Filter>Source Files</Filter>
    </ClCompile>
    <ClCompile Include="src\CgfDump\ChunkFileReader.cpp">
      <Filter>Source Files</Filter>
    </ClCompile>
    <ClCompile Include="src\CgfDump\crc32.cpp">
      <Filter>Source Files</Filter>
    </ClCompile>
    <ClCompile Include="src\CgfDump\FileMapping.cpp">
      <Filter>Source Files</Filter>
    </ClCompile>
    <ClCompile Include="src\CgfDump\stdafx.cpp">
      <Filter>Source Files</Filter>
    </ClCompile>
  </ItemGroup>
  <ItemGroup>
    <ClInclude Include="src\CgfDump\CgfDump.h">
      <Filter>Header Files</Filter>
    </ClInclude>
    <ClInclude Include="src\CgfDump\CgfUtils.h">
      <Filter>Header Files</Filter>
    </ClInclude>
    <ClInclude Include="src\CgfDump\ChunkFileReader.h">
      <Filter>Header Files</Filter>
    </ClInclude>
    <ClInclude Include="src\CgfDump\crc32.h">
      <Filter>Header Files</Filter>
    </ClInclude>
    <ClInclude Include="src\CgfDump\CryHeaders.h">
      <Filter>Header Files</Filter>
    </ClInclude>
    <ClInclude Include="src\CgfDump\FileMapping.h">
      <Filter>Header Files</Filter>
    </ClInclude>
    <ClInclude Include="src\CgfDump\stdafx.h">
      <Filter>Header Files</Filter>
    </ClInclude>
    <ClInclude Include="src\CryCommon\_ScriptableEx.h">
      <Filter>Header Files</Filter>
    </ClInclude>
    <ClInclude Include="src\CryCommon\_TinyWindow.h">
      <Filter>Header Files</Filter>
    </ClInclude>
    <ClInclude Include="src\CryCommon\AABBSV.h">
      <Filter>Header Files</Filter>
    </ClInclude>
    <ClInclude Include="src\CryCommon\AgentParams.h">
      <Filter>Header Files</Filter>
    </ClInclude>
    <ClInclude Include="src\CryCommon\AnimKey.h">
      <Filter>Header Files</Filter>
    </ClInclude>
    <ClInclude Include="src\CryCommon\ColorDefs.h">
      <Filter>Header Files</Filter>
    </ClInclude>
    <ClInclude Include="src\CryCommon\CRE2DQuad.h">
      <Filter>Header Files</Filter>
    </ClInclude>
    <ClInclude Include="src\CryCommon\CREDummy.h">
      <Filter>Header Files</Filter>
    </ClInclude>
    <ClInclude Include="src\CryCommon\CREFlashBang.h">
      <Filter>Header Files</Filter>
    </ClInclude>
    <ClInclude Include="src\CryCommon\CREGlare.h">
      <Filter>Header Files</Filter>
    </ClInclude>
    <ClInclude Include="src\CryCommon\CREOcclusionQuery.h">
      <Filter>Header Files</Filter>
    </ClInclude>
    <ClInclude Include="src\CryCommon\CREOcLeaf.h">
      <Filter>Header Files</Filter>
    </ClInclude>
    <ClInclude Include="src\CryCommon\CREPolyMesh.h">
      <Filter>Header Files</Filter>
    </ClInclude>
    <ClInclude Include="src\CryCommon\CREScreenProcess.h">
      <Filter>Header Files</Filter>
    </ClInclude>
    <ClInclude Include="src\CryCommon\CREShadowMap.h">
      <Filter>Header Files</Filter>
    </ClInclude>
    <ClInclude Include="src\CryCommon\CRESky.h">
      <Filter>Header Files</Filter>
    </ClInclude>
    <ClInclude Include="src\CryCommon\CRETerrainSector.h">
      <Filter>Header Files</Filter>
    </ClInclude>
    <ClInclude Include="src\CryCommon\CRETriMeshAdditionalShadow.h">
      <Filter>Header Files</Filter>
    </ClInclude>
    <ClInclude Include="src\CryCommon\CRETriMeshShadow.h">
      <Filter>Header Files</Filter>
    </ClInclude>
    <ClInclude Include="src\CryCommon\CrtDebugStats.h">
      <Filter>Header Files</Filter>
    </ClInclude>
    <ClInclude Include="src\CryCommon\Cry_Camera.h">
      <Filter>Header Files</Filter>
    </ClInclude>
    <ClInclude Include="src\CryCommon\Cry_Color4.h">
      <Filter>Header Files</Filter>
    </ClInclude>
    <ClInclude Include="src\CryCommon\Cry_Geo.h">
      <Filter>Header Files</Filter>
    </ClInclude>
    <ClInclude Include="src\CryCommon\Cry_GeoDistance.h">
      <Filter>Header Files</Filter>
    </ClInclude>
    <ClInclude Include="src\CryCommon\Cry_GeoIntersect.h">
      <Filter>Header Files</Filter>
    </ClInclude>
    <ClInclude Include="src\CryCommon\Cry_GeoOverlap.h">
      <Filter>Header Files</Filter>
    </ClInclude>
    <ClInclude Include="src\CryCommon\Cry_Math.h">
      <Filter>Header Files</Filter>
    </ClInclude>
    <ClInclude Include="src\CryCommon\Cry_Matrix.h">
      <Filter>Header Files</Filter>
    </ClInclude>
    <ClInclude Include="src\CryCommon\Cry_Quat.h">
      <Filter>Header Files</Filter>
    </ClInclude>
    <ClInclude Include="src\CryCommon\Cry_Vector2.h">
      <Filter>Header Files</Filter>
    </ClInclude>
    <ClInclude Include="src\CryCommon\Cry_Vector3.h">
      <Filter>Header Files</Filter>
    </ClInclude>
    <ClInclude Include="src\CryCommon\Cry_XOptimise.h">
      <Filter>Header Files</Filter>
    </ClInclude>
    <ClInclude Include="src\CryCommon\CryAnimationScriptCommands.h">
      <Filter>Header Files</Filter>
    </ClInclude>
    <ClInclude Include="src\CryCommon\CryCharAnimationParams.h">
      <Filter>Header Files</Filter>
    </ClInclude>
    <ClInclude Include="src\CryCommon\CryCharFxTrailParams.h">
      <Filter>Header Files</Filter>
    </ClInclude>
    <ClInclude Include="src\CryCommon\CryCharMorphParams.h">
      <Filter>Header Files</Filter>
    </ClInclude>
    <ClInclude Include="src\CryCommon\CryCompiledFile.h">
      <Filter>Header Files</Filter>
    </ClInclude>
    <ClInclude Include="src\CryCommon\CryEngineDecalInfo.h">
      <Filter>Header Files</Filter>
    </ClInclude>
    <ClInclude Include="src\CryCommon\CryFile.h">
      <Filter>Header Files</Filter>
    </ClInclude>
    <ClInclude Include="src\CryCommon\CryHeaders.h">
      <Filter>Header Files</Filter>
    </ClInclude>
    <ClInclude Include="src\CryCommon\CryLibrary.h">
      <Filter>Header Files</Filter>
    </ClInclude>
    <ClInclude Include="src\CryCommon\CryMemoryManager.h">
      <Filter>Header Files</Filter>
    </ClInclude>
    <ClInclude Include="src\CryCommon\CryParticleSpawnInfo.h">
      <Filter>Header Files</Filter>
    </ClInclude>
    <ClInclude Include="src\CryCommon\CryPhysics.h">
      <Filter>Header Files</Filter>
    </ClInclude>
    <ClInclude Include="src\CryCommon\CrySizer.h">
      <Filter>Header Files</Filter>
    </ClInclude>
    <ClInclude Include="src\CryCommon\crysound.h">
      <Filter>Header Files</Filter>
    </ClInclude>
    <ClInclude Include="src\CryCommon\crysound64.h">
      <Filter>Header Files</Filter>
    </ClInclude>
    <ClInclude Include="src\CryCommon\CryVersion.h">
      <Filter>Header Files</Filter>
    </ClInclude>
    <ClInclude Include="src\CryCommon\EntityDesc.h">
      <Filter>Header Files</Filter>
    </ClInclude>
    <ClInclude Include="src\CryCommon\Font.h">
      <Filter>Header Files</Filter>
    </ClInclude>
    <ClInclude Include="src\CryCommon\FrameProfiler.h">
      <Filter>Header Files</Filter>
    </ClInclude>
    <ClInclude Include="src\CryCommon\I3DEngine.h">
      <Filter>Header Files</Filter>
    </ClInclude>
    <ClInclude Include="src\CryCommon\IAgent.h">
      <Filter>Header Files</Filter>
    </ClInclude>
    <ClInclude Include="src\CryCommon\IAISystem.h">
      <Filter>Header Files</Filter>
    </ClInclude>
    <ClInclude Include="src\CryCommon\IBindable.h">
      <Filter>Header Files</Filter>
    </ClInclude>
    <ClInclude Include="src\CryCommon\IBitStream.h">
      <Filter>Header Files</Filter>
    </ClInclude>
    <ClInclude Include="src\CryCommon\ICompressionHelper.h">
      <Filter>Header Files</Filter>
    </ClInclude>
    <ClInclude Include="src\CryCommon\IConsole.h">
      <Filter>Header Files</Filter>
    </ClInclude>
    <ClInclude Include="src\CryCommon\ICryAnimation.h">
      <Filter>Header Files</Filter>
    </ClInclude>
    <ClInclude Include="src\CryCommon\ICryPak.h">
      <Filter>Header Files</Filter>
    </ClInclude>
    <ClInclude Include="src\CryCommon\IDataProbe.h">
      <Filter>Header Files</Filter>
    </ClInclude>
    <ClInclude Include="src\CryCommon\IEdgeConnectivityBuilder.h">
      <Filter>Header Files</Filter>
    </ClInclude>
    <ClInclude Include="src\CryCommon\IEntityRenderState.h">
      <Filter>Header Files</Filter>
    </ClInclude>
    <ClInclude Include="src\CryCommon\IEntitySystem.h">
      <Filter>Header Files</Filter>
    </ClInclude>
    <ClInclude Include="src\CryCommon\IFont.h">
      <Filter>Header Files</Filter>
    </ClInclude>
    <ClInclude Include="src\CryCommon\IGame.h">
      <Filter>Header Files</Filter>
    </ClInclude>
    <ClInclude Include="src\CryCommon\IInput.h">
      <Filter>Header Files</Filter>
    </ClInclude>
    <ClInclude Include="src\CryCommon\ILipSync.h">
      <Filter>Header Files</Filter>
    </ClInclude>
    <ClInclude Include="src\CryCommon\ILMSerializationManager.h">
      <Filter>Header Files</Filter>
    </ClInclude>
    <ClInclude Include="src\CryCommon\ILog.h">
      <Filter>Header Files</Filter>
    </ClInclude>
    <ClInclude Include="src\CryCommon\IMarkers.h">
      <Filter>Header Files</Filter>
    </ClInclude>
    <ClInclude Include="src\CryCommon\IMiniLog.h">
      <Filter>Header Files</Filter>
    </ClInclude>
    <ClInclude Include="src\CryCommon\IMovieSystem.h">
      <Filter>Header Files</Filter>
    </ClInclude>
    <ClInclude Include="src\CryCommon\INetwork.h">
      <Filter>Header Files</Filter>
    </ClInclude>
    <ClInclude Include="src\CryCommon\IPAddress.h">
      <Filter>Header Files</Filter>
    </ClInclude>
    <ClInclude Include="src\CryCommon\IPhysics.h">
      <Filter>Header Files</Filter>
    </ClInclude>
    <ClInclude Include="src\CryCommon\IProcess.h">
      <Filter>Header Files</Filter>
    </ClInclude>
    <ClInclude Include="src\CryCommon\IRenderer.h">
      <Filter>Header Files</Filter>
    </ClInclude>
    <ClInclude Include="src\CryCommon\IScriptSystem.h">
      <Filter>Header Files</Filter>
    </ClInclude>
    <ClInclude Include="src\CryCommon\IShader.h">
      <Filter>Header Files</Filter>
    </ClInclude>
    <ClInclude Include="src\CryCommon\ISound.h">
      <Filter>Header Files</Filter>
    </ClInclude>
    <ClInclude Include="src\CryCommon\IStatObj.h">
      <Filter>Header Files</Filter>
    </ClInclude>
    <ClInclude Include="src\CryCommon\IStreamEngine.h">
      <Filter>Header Files</Filter>
    </ClInclude>
    <ClInclude Include="src\CryCommon\IStreamPersist.h">
      <Filter>Header Files</Filter>
    </ClInclude>
    <ClInclude Include="src\CryCommon\ISystem.h">
      <Filter>Header Files</Filter>
    </ClInclude>
    <ClInclude Include="src\CryCommon\ITimer.h">
      <Filter>Header Files</Filter>
    </ClInclude>
    <ClInclude Include="src\CryCommon\IValidator.h">
      <Filter>Header Files</Filter>
    </ClInclude>
    <ClInclude Include="src\CryCommon\IXGame.h">
      <Filter>Header Files</Filter>
    </ClInclude>
    <ClInclude Include="src\CryCommon\IXml.h">
      <Filter>Header Files</Filter>
    </ClInclude>
    <ClInclude Include="src\CryCommon\IXMLDOM.h">
      <Filter>Header Files</Filter>
    </ClInclude>
    <ClInclude Include="src\CryCommon\LeafBuffer.h">
      <Filter>Header Files</Filter>
    </ClInclude>
    <ClInclude Include="src\CryCommon\Linux32Specific.h">
      <Filter>Header Files</Filter>
    </ClInclude>
    <ClInclude Include="src\CryCommon\Linux64Specific.h">
      <Filter>Header Files</Filter>
    </ClInclude>
    <ClInclude Include="src\CryCommon\LinuxSpecific.h">
      <Filter>Header Files</Filter>
    </ClInclude>
    <ClInclude Include="src\CryCommon\list2.h">
      <Filter>Header Files</Filter>
    </ClInclude>
    <ClInclude Include="src\CryCommon\LMCompStructures.h">
      <Filter>Header Files</Filter>
    </ClInclude>
    <ClInclude Include="src\CryCommon\MakMatInfoFromMAT_ENTITY.h">
      <Filter>Header Files</Filter>
    </ClInclude>
    <ClInclude Include="src\CryCommon\matrixnm.h">
      <Filter>Header Files</Filter>
    </ClInclude>
    <ClInclude Include="src\CryCommon\MeshIdx.h">
      <Filter>Header Files</Filter>
    </ClInclude>
    <ClInclude Include="src\CryCommon\Names.h">
      <Filter>Header Files</Filter>
    </ClInclude>
    <ClInclude Include="src\CryCommon\physinterface.h">
      <Filter>Header Files</Filter>
    </ClInclude>
    <ClInclude Include="src\CryCommon\platform.h">
      <Filter>Header Files</Filter>
    </ClInclude>
    <ClInclude Include="src\CryCommon\primitives.h">
      <Filter>Header Files</Filter>
    </ClInclude>
    <ClInclude Include="src\CryCommon\ProjectDefines.h">
      <Filter>Header Files</Filter>
    </ClInclude>
    <ClInclude Include="src\CryCommon\Range.h">
      <Filter>Header Files</Filter>
    </ClInclude>
    <ClInclude Include="src\CryCommon\RendElement.h">
      <Filter>Header Files</Filter>
    </ClInclude>
    <ClInclude Include="src\CryCommon\ScriptObjectVector.h">
      <Filter>Header Files</Filter>
    </ClInclude>
    <ClInclude Include="src\CryCommon\SerializeBuffer.h">
      <Filter>Header Files</Filter>
    </ClInclude>
    <ClInclude Include="src\CryCommon\smartptr.h">
      <Filter>Header Files</Filter>
    </ClInclude>
    <ClInclude Include="src\CryCommon\StlDbgAlloc.h">
      <Filter>Header Files</Filter>
    </ClInclude>
    <ClInclude Include="src\CryCommon\StlUtils.h">
      <Filter>Header Files</Filter>
    </ClInclude>
    <ClInclude Include="src\CryCommon\Stream.h">
      <Filter>Header Files</Filter>
    </ClInclude>
    <ClInclude Include="src\CryCommon\StreamData.h">
      <Filter>Header Files</Filter>
    </ClInclude>
    <ClInclude Include="src\CryCommon\StringUtils.h">
      <Filter>Header Files</Filter>
    </ClInclude>
    <ClInclude Include="src\CryCommon\TAlloc.h">
      <Filter>Header Files</Filter>
    </ClInclude>
    <ClInclude Include="src\CryCommon\Tarray.h">
      <Filter>Header Files</Filter>
    </ClInclude>
    <ClInclude Include="src\CryCommon\TArrays.h">
      <Filter>Header Files</Filter>
    </ClInclude>
    <ClInclude Include="src\CryCommon\TimeValue.h">
      <Filter>Header Files</Filter>
    </ClInclude>
    <ClInclude Include="src\CryCommon\TString.h">
      <Filter>Header Files</Filter>
    </ClInclude>
    <ClInclude Include="src\CryCommon\VertexBufferSource.h">
      <Filter>Header Files</Filter>
    </ClInclude>
    <ClInclude Include="src\CryCommon\VertexFormats.h">
      <Filter>Header Files</Filter>
    </ClInclude>
    <ClInclude Include="src\CryCommon\Win32specific.h">
      <Filter>Header Files</Filter>
    </ClInclude>
    <ClInclude Include="src\CryCommon\Win64specific.h">
      <Filter>Header Files</Filter>
    </ClInclude>
    <ClInclude Include="src\CryCommon\XboxSpecific.h">
      <Filter>Header Files</Filter>
    </ClInclude>
    <ClInclude Include="src\CryCommon\XmlParser.h">
      <Filter>Header Files</Filter>
    </ClInclude>
    <ClInclude Include="src\CryCommon\XmlParserFont.h">
      <Filter>Header Files</Filter>
    </ClInclude>
    <ClInclude Include="src\CryCommon\XmlStream.h">
      <Filter>Header Files</Filter>
    </ClInclude>
  </ItemGroup>
  <ItemGroup>
    <None Include="src\CgfDump\CgfDump.vcproj" />
    <None Include="src\CgfDump\CgfDump.vcproj.vspscc" />
    <None Include="src\CryCommon\CryCommon.vcproj" />
    <None Include="src\CryCommon\CryCommon.vcproj.7.00.old" />
  </ItemGroup>
  <ItemGroup>
    <Library Include="src\CryCommon\fSinCos64.lib" />
  </ItemGroup>
</Project>